
Microsoft Visual Studio Solution File, Format Version 12.00
# Visual Studio Version 16
VisualStudioVersion = 16.0.30517.126
MinimumVisualStudioVersion = 10.0.40219.1
Project("{FAE04EC0-301F-11D3-BF4B-00C04F79EFBC}") = "ControlFlow-Part2", "ControlFlow-Part2\ControlFlow-Part2.csproj", "{3C218EDC-EB98-472F-8503-8B466CF4DC94}"
EndProject
Project("{9A19103F-16F7-4668-BE54-9A1E7A4F7556}") = "EpicDiceGame", "..\RandomNumberGenerators\EpicDiceGame\EpicDiceGame.csproj", "{1D36FDD9-6B1D-46FE-8C63-A75AFD3A247D}"
EndProject
Project("{FAE04EC0-301F-11D3-BF4B-00C04F79EFBC}") = "InstagramAgeValidation", "InstagramAgeValidation\InstagramAgeValidation.csproj", "{3574E8D3-E0BF-4D57-A42D-B9AF87805888}"
EndProject
Project("{FAE04EC0-301F-11D3-BF4B-00C04F79EFBC}") = "Grading", "Grading\Grading.csproj", "{CF86F2D1-F12F-4DC8-B2C9-5643787A79DA}"
EndProject
Project("{FAE04EC0-301F-11D3-BF4B-00C04F79EFBC}") = "VowelsAndConsonants", "VowelsAndConsonants\VowelsAndConsonants.csproj", "{5E74E072-1161-46CC-AD6E-E0A22DE058CB}"
EndProject
Global
	GlobalSection(SolutionConfigurationPlatforms) = preSolution
		Debug|Any CPU = Debug|Any CPU
		Release|Any CPU = Release|Any CPU
	EndGlobalSection
	GlobalSection(ProjectConfigurationPlatforms) = postSolution
		{3C218EDC-EB98-472F-8503-8B466CF4DC94}.Debug|Any CPU.ActiveCfg = Debug|Any CPU
		{3C218EDC-EB98-472F-8503-8B466CF4DC94}.Debug|Any CPU.Build.0 = Debug|Any CPU
		{3C218EDC-EB98-472F-8503-8B466CF4DC94}.Release|Any CPU.ActiveCfg = Release|Any CPU
		{3C218EDC-EB98-472F-8503-8B466CF4DC94}.Release|Any CPU.Build.0 = Release|Any CPU
		{1D36FDD9-6B1D-46FE-8C63-A75AFD3A247D}.Debug|Any CPU.ActiveCfg = Debug|Any CPU
		{1D36FDD9-6B1D-46FE-8C63-A75AFD3A247D}.Debug|Any CPU.Build.0 = Debug|Any CPU
		{1D36FDD9-6B1D-46FE-8C63-A75AFD3A247D}.Release|Any CPU.ActiveCfg = Release|Any CPU
		{1D36FDD9-6B1D-46FE-8C63-A75AFD3A247D}.Release|Any CPU.Build.0 = Release|Any CPU
		{3574E8D3-E0BF-4D57-A42D-B9AF87805888}.Debug|Any CPU.ActiveCfg = Debug|Any CPU
		{3574E8D3-E0BF-4D57-A42D-B9AF87805888}.Debug|Any CPU.Build.0 = Debug|Any CPU
		{3574E8D3-E0BF-4D57-A42D-B9AF87805888}.Release|Any CPU.ActiveCfg = Release|Any CPU
		{3574E8D3-E0BF-4D57-A42D-B9AF87805888}.Release|Any CPU.Build.0 = Release|Any CPU
		{CF86F2D1-F12F-4DC8-B2C9-5643787A79DA}.Debug|Any CPU.ActiveCfg = Debug|Any CPU
		{CF86F2D1-F12F-4DC8-B2C9-5643787A79DA}.Debug|Any CPU.Build.0 = Debug|Any CPU
		{CF86F2D1-F12F-4DC8-B2C9-5643787A79DA}.Release|Any CPU.ActiveCfg = Release|Any CPU
		{CF86F2D1-F12F-4DC8-B2C9-5643787A79DA}.Release|Any CPU.Build.0 = Release|Any CPU
		{5E74E072-1161-46CC-AD6E-E0A22DE058CB}.Debug|Any CPU.ActiveCfg = Debug|Any CPU
		{5E74E072-1161-46CC-AD6E-E0A22DE058CB}.Debug|Any CPU.Build.0 = Debug|Any CPU
		{5E74E072-1161-46CC-AD6E-E0A22DE058CB}.Release|Any CPU.ActiveCfg = Release|Any CPU
		{5E74E072-1161-46CC-AD6E-E0A22DE058CB}.Release|Any CPU.Build.0 = Release|Any CPU
	EndGlobalSection
	GlobalSection(SolutionProperties) = preSolution
		HideSolutionNode = FALSE
	EndGlobalSection
	GlobalSection(ExtensibilityGlobals) = postSolution
		SolutionGuid = {B58E7B3B-75D4-4902-A795-4C71AAC7E8AA}
	EndGlobalSection
EndGlobal
